{
  "name": "search-ui-react-plugin",
  "version": "1.0.0",
  "lockfileVersion": 2,
  "requires": true,
  "packages": {
    "": {
      "name": "search-ui-react-plugin",
      "version": "1.0.0",
      "devDependencies": {
        "studio": "file:../studio",
        "typescript": "^4.8.4"
      },
      "peerDependencies": {
        "studio": "^1.0.0"
      }
    },
    "..": {
      "version": "1.0.0",
      "dev": true,
      "license": "ISC",
      "dependencies": {
        "@minoru/react-dnd-treeview": "^3.1.0",
        "@originjs/vite-plugin-commonjs": "^1.0.3",
        "@originjs/vite-plugin-require-context": "^1.0.9",
        "@restart/ui": "^1.4.0",
        "@szhsin/react-menu": "^3.1.2",
        "@vitejs/plugin-react": "^2.1.0",
        "@yext/search-headless-react": "^2.0.0",
        "@yext/search-ui-react": "^1.0.0",
        "classnames": "^2.3.2",
        "daisyui": "^2.27.0",
        "express": "^4.18.1",
        "lodash": "^4.17.21",
        "prettier": "^2.7.1",
        "react": "^18.2.0",
        "react-dev-utils": "^12.0.1",
        "react-dom": "^18.2.0",
        "react-toastify": "^9.0.8",
        "resolve": "^1.22.1",
        "search-ui-react-plugin": "file:./search-ui-react-plugin",
        "tailwindcss": "^3.1.8",
        "ts-morph": "^16.0.0",
        "uuid": "^9.0.0",
        "vite": "^3.1.1",
        "vite-plugin-commonjs": "^0.5.2"
      },
      "devDependencies": {
        "@types/jest": "^29.0.2",
        "@types/lodash": "^4.14.185",
        "@types/react": "^18.0.20",
        "@types/react-dom": "^18.0.6",
        "@types/uuid": "^8.3.4",
        "@yext/eslint-config-slapshot": "^0.6.0",
        "@yext/pages": "^1.0.0-beta.6",
        "eslint": "^8.23.1",
        "jest": "^29.0.3",
        "npm-run-all": "^4.1.5",
        "typescript": "^4.8.4",
        "vitepress": "^1.0.0-alpha.15",
        "vue": "^3.2.39"
      }
    },
    "../studio": {
      "version": "1.0.0",
      "dev": true,
      "license": "ISC",
      "dependencies": {
        "express": "^4.18.1",
        "lodash": "^4.17.21",
        "prettier": "^2.7.1",
        "resolve": "^1.22.1",
        "tailwindcss": "^3.1.8",
        "ts-morph": "^16.0.0",
        "uuid": "^9.0.0",
        "vite": "^3.1.1",
        "vite-plugin-commonjs": "^0.5.2"
      },
      "devDependencies": {
        "@types/jest": "^29.0.2",
        "@types/lodash": "^4.14.185",
        "@types/uuid": "^8.3.4",
        "@yext/eslint-config-slapshot": "^0.6.0",
        "eslint": "^8.23.1",
        "jest": "^29.0.3",
        "npm-run-all": "^4.1.5",
        "typescript": "^4.8.4",
        "vitepress": "^1.0.0-alpha.15",
        "vue": "^3.2.39"
      }
    },
    "node_modules/studio": {
      "resolved": "../studio",
      "link": true
    },
    "node_modules/typescript": {
      "version": "4.8.4",
      "resolved": "https://registry.npmjs.org/typescript/-/typescript-4.8.4.tgz",
      "integrity": "sha512-QCh+85mCy+h0IGff8r5XWzOVSbBO+KfeYrMQh7NJ58QujwcE22u+NUSmUxqF+un70P9GXKxa2HCNiTTMJknyjQ==",
      "dev": true,
      "bin": {
        "tsc": "bin/tsc",
        "tsserver": "bin/tsserver"
      },
      "engines": {
        "node": ">=4.2.0"
      }
    }
  },
  "dependencies": {
    "studio": {
      "version": "file:../studio",
      "requires": {
        "@types/jest": "^29.0.2",
        "@types/lodash": "^4.14.185",
        "@types/uuid": "^8.3.4",
        "@yext/eslint-config-slapshot": "^0.6.0",
        "eslint": "^8.23.1",
        "express": "^4.18.1",
        "jest": "^29.0.3",
        "lodash": "^4.17.21",
        "npm-run-all": "^4.1.5",
        "prettier": "^2.7.1",
        "resolve": "^1.22.1",
        "tailwindcss": "^3.1.8",
        "ts-morph": "^16.0.0",
        "typescript": "^4.8.4",
        "uuid": "^9.0.0",
        "vite": "^3.1.1",
        "vite-plugin-commonjs": "^0.5.2",
        "vitepress": "^1.0.0-alpha.15",
        "vue": "^3.2.39"
      }
    },
    "typescript": {
      "version": "4.8.4",
      "resolved": "https://registry.npmjs.org/typescript/-/typescript-4.8.4.tgz",
      "integrity": "sha512-QCh+85mCy+h0IGff8r5XWzOVSbBO+KfeYrMQh7NJ58QujwcE22u+NUSmUxqF+un70P9GXKxa2HCNiTTMJknyjQ==",
      "dev": true
    }
  }
}
